// !$*UTF8*$!
{
	archiveVersion = 1;
	classes = {
	};
	objectVersion = 56;
	objects = {

/* Begin PBXBuildFile section */
		B59C6A262A35C9BC005D2C6E /* SafeAreTabBarApp.swift in Sources */ = {isa = PBXBuildFile; fileRef = B59C6A252A35C9BC005D2C6E /* SafeAreTabBarApp.swift */; };
		B59C6A282A35C9BC005D2C6E /* ContentView.swift in Sources */ = {isa = PBXBuildFile; fileRef = B59C6A272A35C9BC005D2C6E /* ContentView.swift */; };
		B59C6A2A2A35C9BD005D2C6E /* Assets.xcassets in Resources */ = {isa = PBXBuildFile; fileRef = B59C6A292A35C9BD005D2C6E /* Assets.xcassets */; };
		B59C6A2D2A35C9BD005D2C6E /* Preview Assets.xcassets in Resources */ = {isa = PBXBuildFile; fileRef = B59C6A2C2A35C9BD005D2C6E /* Preview Assets.xcassets */; };
		B59C6A372A35C9BD005D2C6E /* SafeAreTabBarTests.swift in Sources */ = {isa = PBXBuildFile; fileRef = B59C6A362A35C9BD005D2C6E /* SafeAreTabBarTests.swift */; };
		B59C6A412A35C9BD005D2C6E /* SafeAreTabBarUITests.swift in Sources */ = {isa = PBXBuildFile; fileRef = B59C6A402A35C9BD005D2C6E /* SafeAreTabBarUITests.swift */; };
		B59C6A432A35C9BD005D2C6E /* SafeAreTabBarUITestsLaunchTests.swift in Sources */ = {isa = PBXBuildFile; fileRef = B59C6A422A35C9BD005D2C6E /* SafeAreTabBarUITestsLaunchTests.swift */; };
/* End PBXBuildFile section */

/* Begin PBXContainerItemProxy section */
		B59C6A332A35C9BD005D2C6E /* PBXContainerItemProxy */ = {
			isa = PBXContainerItemProxy;
			containerPortal = B59C6A1A2A35C9BC005D2C6E /* Project object */;
			proxyType = 1;
			remoteGlobalIDString = B59C6A212A35C9BC005D2C6E;
			remoteInfo = SafeAreTabBar;
		};
		B59C6A3D2A35C9BD005D2C6E /* PBXContainerItemProxy */ = {
			isa = PBXContainerItemProxy;
			containerPortal = B59C6A1A2A35C9BC005D2C6E /* Project object */;
			proxyType = 1;
			remoteGlobalIDString = B59C6A212A35C9BC005D2C6E;
			remoteInfo = SafeAreTabBar;
		};
/* End PBXContainerItemProxy section */

/* Begin PBXFileReference section */
		B59C6A222A35C9BC005D2C6E /* SafeAreTabBar.app */ = {isa = PBXFileReference; explicitFileType = wrapper.application; includeInIndex = 0; path = SafeAreTabBar.app; sourceTree = BUILT_PRODUCTS_DIR; };
		B59C6A252A35C9BC005D2C6E /* SafeAreTabBarApp.swift */ = {isa = PBXFileReference; lastKnownFileType = sourcecode.swift; path = SafeAreTabBarApp.swift; sourceTree = "<group>"; };
		B59C6A272A35C9BC005D2C6E /* ContentView.swift */ = {isa = PBXFileReference; lastKnownFileType = sourcecode.swift; path = ContentView.swift; sourceTree = "<group>"; };
		B59C6A292A35C9BD005D2C6E /* Assets.xcassets */ = {isa = PBXFileReference; lastKnownFileType = folder.assetcatalog; path = Assets.xcassets; sourceTree = "<group>"; };
		B59C6A2C2A35C9BD005D2C6E /* Preview Assets.xcassets */ = {isa = PBXFileReference; lastKnownFileType = folder.assetcatalog; path = "Preview Assets.xcassets"; sourceTree = "<group>"; };
		B59C6A322A35C9BD005D2C6E /* SafeAreTabBarTests.xctest */ = {isa = PBXFileReference; explicitFileType = wrapper.cfbundle; includeInIndex = 0; path = SafeAreTabBarTests.xctest; sourceTree = BUILT_PRODUCTS_DIR; };
		B59C6A362A35C9BD005D2C6E /* SafeAreTabBarTests.swift */ = {isa = PBXFileReference; lastKnownFileType = sourcecode.swift; path = SafeAreTabBarTests.swift; sourceTree = "<group>"; };
		B59C6A3C2A35C9BD005D2C6E /* SafeAreTabBarUITests.xctest */ = {isa = PBXFileReference; explicitFileType = wrapper.cfbundle; includeInIndex = 0; path = SafeAreTabBarUITests.xctest; sourceTree = BUILT_PRODUCTS_DIR; };
		B59C6A402A35C9BD005D2C6E /* SafeAreTabBarUITests.swift */ = {isa = PBXFileReference; lastKnownFileType = sourcecode.swift; path = SafeAreTabBarUITests.swift; sourceTree = "<group>"; };
		B59C6A422A35C9BD005D2C6E /* SafeAreTabBarUITestsLaunchTests.swift */ = {isa = PBXFileReference; lastKnownFileType = sourcecode.swift; path = SafeAreTabBarUITestsLaunchTests.swift; sourceTree = "<group>"; };
/* End PBXFileReference section */

/* Begin PBXFrameworksBuildPhase section */
		B59C6A1F2A35C9BC005D2C6E /* Frameworks */ = {
			isa = PBXFrameworksBuildPhase;
			buildActionMask = 2147483647;
			files = (
			);
			runOnlyForDeploymentPostprocessing = 0;
		};
		B59C6A2F2A35C9BD005D2C6E /* Frameworks */ = {
			isa = PBXFrameworksBuildPhase;
			buildActionMask = 2147483647;
			files = (
			);
			runOnlyForDeploymentPostprocessing = 0;
		};
		B59C6A392A35C9BD005D2C6E /* Frameworks */ = {
			isa = PBXFrameworksBuildPhase;
			buildActionMask = 2147483647;
			files = (
			);
			runOnlyForDeploymentPostprocessing = 0;
		};
/* End PBXFrameworksBuildPhase section */

/* Begin PBXGroup section */
		B59C6A192A35C9BC005D2C6E = {
			isa = PBXGroup;
			children = (
				B59C6A242A35C9BC005D2C6E /* SafeAreTabBar */,
				B59C6A352A35C9BD005D2C6E /* SafeAreTabBarTests */,
				B59C6A3F2A35C9BD005D2C6E /* SafeAreTabBarUITests */,
				B59C6A232A35C9BC005D2C6E /* Products */,
			);
			sourceTree = "<group>";
		};
		B59C6A232A35C9BC005D2C6E /* Products */ = {
			isa = PBXGroup;
			children = (
				B59C6A222A35C9BC005D2C6E /* SafeAreTabBar.app */,
				B59C6A322A35C9BD005D2C6E /* SafeAreTabBarTests.xctest */,
				B59C6A3C2A35C9BD005D2C6E /* SafeAreTabBarUITests.xctest */,
			);
			name = Products;
			sourceTree = "<group>";
		};
		B59C6A242A35C9BC005D2C6E /* SafeAreTabBar */ = {
			isa = PBXGroup;
			children = (
				B59C6A252A35C9BC005D2C6E /* SafeAreTabBarApp.swift */,
				B59C6A272A35C9BC005D2C6E /* ContentView.swift */,
				B59C6A292A35C9BD005D2C6E /* Assets.xcassets */,
				B59C6A2B2A35C9BD005D2C6E /* Preview Content */,
			);
			path = SafeAreTabBar;
			sourceTree = "<group>";
		};
		B59C6A2B2A35C9BD005D2C6E /* Preview Content */ = {
			isa = PBXGroup;
			children = (
				B59C6A2C2A35C9BD005D2C6E /* Preview Assets.xcassets */,
			);
			path = "Preview Content";
			sourceTree = "<group>";
		};
		B59C6A352A35C9BD005D2C6E /* SafeAreTabBarTests */ = {
			isa = PBXGroup;
			children = (
				B59C6A362A35C9BD005D2C6E /* SafeAreTabBarTests.swift */,
			);
			path = SafeAreTabBarTests;
			sourceTree = "<group>";
		};
		B59C6A3F2A35C9BD005D2C6E /* SafeAreTabBarUITests */ = {
			isa = PBXGroup;
			children = (
				B59C6A402A35C9BD005D2C6E /* SafeAreTabBarUITests.swift */,
				B59C6A422A35C9BD005D2C6E /* SafeAreTabBarUITestsLaunchTests.swift */,
			);
			path = SafeAreTabBarUITests;
			sourceTree = "<group>";
		};
/* End PBXGroup section */

/* Begin PBXNativeTarget section */
		B59C6A212A35C9BC005D2C6E /* SafeAreTabBar */ = {
			isa = PBXNativeTarget;
			buildConfigurationList = B59C6A462A35C9BD005D2C6E /* Build configuration list for PBXNativeTarget "SafeAreTabBar" */;
			buildPhases = (
				B59C6A1E2A35C9BC005D2C6E /* Sources */,
				B59C6A1F2A35C9BC005D2C6E /* Frameworks */,
				B59C6A202A35C9BC005D2C6E /* Resources */,
			);
			buildRules = (
			);
			dependencies = (
			);
			name = SafeAreTabBar;
			productName = SafeAreTabBar;
			productReference = B59C6A222A35C9BC005D2C6E /* SafeAreTabBar.app */;
			productType = "com.apple.product-type.application";
		};
		B59C6A312A35C9BD005D2C6E /* SafeAreTabBarTests */ = {
			isa = PBXNativeTarget;
			buildConfigurationList = B59C6A492A35C9BD005D2C6E /* Build configuration list for PBXNativeTarget "SafeAreTabBarTests" */;
			buildPhases = (
				B59C6A2E2A35C9BD005D2C6E /* Sources */,
				B59C6A2F2A35C9BD005D2C6E /* Frameworks */,
				B59C6A302A35C9BD005D2C6E /* Resources */,
			);
			buildRules = (
			);
			dependencies = (
				B59C6A342A35C9BD005D2C6E /* PBXTargetDependency */,
			);
			name = SafeAreTabBarTests;
			productName = SafeAreTabBarTests;
			productReference = B59C6A322A35C9BD005D2C6E /* SafeAreTabBarTests.xctest */;
			productType = "com.apple.product-type.bundle.unit-test";
		};
		B59C6A3B2A35C9BD005D2C6E /* SafeAreTabBarUITests */ = {
			isa = PBXNativeTarget;
			buildConfigurationList = B59C6A4C2A35C9BD005D2C6E /* Build configuration list for PBXNativeTarget "SafeAreTabBarUITests" */;
			buildPhases = (
				B59C6A382A35C9BD005D2C6E /* Sources */,
				B59C6A392A35C9BD005D2C6E /* Frameworks */,
				B59C6A3A2A35C9BD005D2C6E /* Resources */,
			);
			buildRules = (
			);
			dependencies = (
				B59C6A3E2A35C9BD005D2C6E /* PBXTargetDependency */,
			);
			name = SafeAreTabBarUITests;
			productName = SafeAreTabBarUITests;
			productReference = B59C6A3C2A35C9BD005D2C6E /* SafeAreTabBarUITests.xctest */;
			productType = "com.apple.product-type.bundle.ui-testing";
		};
/* End PBXNativeTarget section */

/* Begin PBXProject section */
		B59C6A1A2A35C9BC005D2C6E /* Project object */ = {
			isa = PBXProject;
			attributes = {
				BuildIndependentTargetsInParallel = 1;
				LastSwiftUpdateCheck = 1410;
				LastUpgradeCheck = 1410;
				TargetAttributes = {
					B59C6A212A35C9BC005D2C6E = {
						CreatedOnToolsVersion = 14.1;
					};
					B59C6A312A35C9BD005D2C6E = {
						CreatedOnToolsVersion = 14.1;
						TestTargetID = B59C6A212A35C9BC005D2C6E;
					};
					B59C6A3B2A35C9BD005D2C6E = {
						CreatedOnToolsVersion = 14.1;
						TestTargetID = B59C6A212A35C9BC005D2C6E;
					};
				};
			};
			buildConfigurationList = B59C6A1D2A35C9BC005D2C6E /* Build configuration list for PBXProject "SafeAreTabBar" */;
			compatibilityVersion = "Xcode 14.0";
			developmentRegion = en;
			hasScannedForEncodings = 0;
			knownRegions = (
				en,
				Base,
			);
			mainGroup = B59C6A192A35C9BC005D2C6E;
			productRefGroup = B59C6A232A35C9BC005D2C6E /* Products */;
			projectDirPath = "";
			projectRoot = "";
			targets = (
				B59C6A212A35C9BC005D2C6E /* SafeAreTabBar */,
				B59C6A312A35C9BD005D2C6E /* SafeAreTabBarTests */,
				B59C6A3B2A35C9BD005D2C6E /* SafeAreTabBarUITests */,
			);
		};
/* End PBXProject section */

/* Begin PBXResourcesBuildPhase section */
		B59C6A202A35C9BC005D2C6E /* Resources */ = {
			isa = PBXResourcesBuildPhase;
			buildActionMask = 2147483647;
			files = (
				B59C6A2D2A35C9BD005D2C6E /* Preview Assets.xcassets in Resources */,
				B59C6A2A2A35C9BD005D2C6E /* Assets.xcassets in Resources */,
			);
			runOnlyForDeploymentPostprocessing = 0;
		};
		B59C6A302A35C9BD005D2C6E /* Resources */ = {
			isa = PBXResourcesBuildPhase;
			buildActionMask = 2147483647;
			files = (
			);
			runOnlyForDeploymentPostprocessing = 0;
		};
		B59C6A3A2A35C9BD005D2C6E /* Resources */ = {
			isa = PBXResourcesBuildPhase;
			buildActionMask = 2147483647;
			files = (
			);
			runOnlyForDeploymentPostprocessing = 0;
		};
/* End PBXResourcesBuildPhase section */

/* Begin PBXSourcesBuildPhase section */
		B59C6A1E2A35C9BC005D2C6E /* Sources */ = {
			isa = PBXSourcesBuildPhase;
			buildActionMask = 2147483647;
			files = (
				B59C6A282A35C9BC005D2C6E /* ContentView.swift in Sources */,
				B59C6A262A35C9BC005D2C6E /* SafeAreTabBarApp.swift in Sources */,
			);
			runOnlyForDeploymentPostprocessing = 0;
		};
		B59C6A2E2A35C9BD005D2C6E /* Sources */ = {
			isa = PBXSourcesBuildPhase;
			buildActionMask = 2147483647;
			files = (
				B59C6A372A35C9BD005D2C6E /* SafeAreTabBarTests.swift in Sources */,
			);
			runOnlyForDeploymentPostprocessing = 0;
		};
		B59C6A382A35C9BD005D2C6E /* Sources */ = {
			isa = PBXSourcesBuildPhase;
			buildActionMask = 2147483647;
			files = (
				B59C6A432A35C9BD005D2C6E /* SafeAreTabBarUITestsLaunchTests.swift in Sources */,
				B59C6A412A35C9BD005D2C6E /* SafeAreTabBarUITests.swift in Sources */,
			);
			runOnlyForDeploymentPostprocessing = 0;
		};
/* End PBXSourcesBuildPhase section */

/* Begin PBXTargetDependency section */
		B59C6A342A35C9BD005D2C6E /* PBXTargetDependency */ = {
			isa = PBXTargetDependency;
			target = B59C6A212A35C9BC005D2C6E /* SafeAreTabBar */;
			targetProxy = B59C6A332A35C9BD005D2C6E /* PBXContainerItemProxy */;
		};
		B59C6A3E2A35C9BD005D2C6E /* PBXTargetDependency */ = {
			isa = PBXTargetDependency;
			target = B59C6A212A35C9BC005D2C6E /* SafeAreTabBar */;
			targetProxy = B59C6A3D2A35C9BD005D2C6E /* PBXContainerItemProxy */;
		};
/* End PBXTargetDependency section */

/* Begin XCBuildConfiguration section */
		B59C6A442A35C9BD005D2C6E /* Debug */ = {
			isa = XCBuildConfiguration;
			buildSettings = {
				ALWAYS_SEARCH_USER_PATHS = NO;
				CLANG_ANALYZER_NONNULL = YES;
				CLANG_ANALYZER_NUMBER_OBJECT_CONVERSION = YES_AGGRESSIVE;
				CLANG_CXX_LANGUAGE_STANDARD = "gnu++20";
				CLANG_ENABLE_MODULES = YES;
				CLANG_ENABLE_OBJC_ARC = YES;
				CLANG_ENABLE_OBJC_WEAK = YES;
				CLANG_WARN_BLOCK_CAPTURE_AUTORELEASING = YES;
				CLANG_WARN_BOOL_CONVERSION = YES;
				CLANG_WARN_COMMA = YES;
				CLANG_WARN_CONSTANT_CONVERSION = YES;
				CLANG_WARN_DEPRECATED_OBJC_IMPLEMENTATIONS = YES;
				CLANG_WARN_DIRECT_OBJC_ISA_USAGE = YES_ERROR;
				CLANG_WARN_DOCUMENTATION_COMMENTS = YES;
				CLANG_WARN_EMPTY_BODY = YES;
				CLANG_WARN_ENUM_CONVERSION = YES;
				CLANG_WARN_INFINITE_RECURSION = YES;
				CLANG_WARN_INT_CONVERSION = YES;
				CLANG_WARN_NON_LITERAL_NULL_CONVERSION = YES;
				CLANG_WARN_OBJC_IMPLICIT_RETAIN_SELF = YES;
				CLANG_WARN_OBJC_LITERAL_CONVERSION = YES;
				CLANG_WARN_OBJC_ROOT_CLASS = YES_ERROR;
				CLANG_WARN_QUOTED_INCLUDE_IN_FRAMEWORK_HEADER = YES;
				CLANG_WARN_RANGE_LOOP_ANALYSIS = YES;
				CLANG_WARN_STRICT_PROTOTYPES = YES;
				CLANG_WARN_SUSPICIOUS_MOVE = YES;
				CLANG_WARN_UNGUARDED_AVAILABILITY = YES_AGGRESSIVE;
				CLANG_WARN_UNREACHABLE_CODE = YES;
				CLANG_WARN__DUPLICATE_METHOD_MATCH = YES;
				COPY_PHASE_STRIP = NO;
				DEBUG_INFORMATION_FORMAT = dwarf;
				ENABLE_STRICT_OBJC_MSGSEND = YES;
				ENABLE_TESTABILITY = YES;
				GCC_C_LANGUAGE_STANDARD = gnu11;
				GCC_DYNAMIC_NO_PIC = NO;
				GCC_NO_COMMON_BLOCKS = YES;
				GCC_OPTIMIZATION_LEVEL = 0;
				GCC_PREPROCESSOR_DEFINITIONS = (
					"DEBUG=1",
					"$(inherited)",
				);
				GCC_WARN_64_TO_32_BIT_CONVERSION = YES;
				GCC_WARN_ABOUT_RETURN_TYPE = YES_ERROR;
				GCC_WARN_UNDECLARED_SELECTOR = YES;
				GCC_WARN_UNINITIALIZED_AUTOS = YES_AGGRESSIVE;
				GCC_WARN_UNUSED_FUNCTION = YES;
				GCC_WARN_UNUSED_VARIABLE = YES;
				IPHONEOS_DEPLOYMENT_TARGET = 16.1;
				MTL_ENABLE_DEBUG_INFO = INCLUDE_SOURCE;
				MTL_FAST_MATH = YES;
				ONLY_ACTIVE_ARCH = YES;
				SDKROOT = iphoneos;
				SWIFT_ACTIVE_COMPILATION_CONDITIONS = DEBUG;
				SWIFT_OPTIMIZATION_LEVEL = "-Onone";
			};
			name = Debug;
		};
		B59C6A452A35C9BD005D2C6E /* Release */ = {
			isa = XCBuildConfiguration;
			buildSettings = {
				ALWAYS_SEARCH_USER_PATHS = NO;
				CLANG_ANALYZER_NONNULL = YES;
				CLANG_ANALYZER_NUMBER_OBJECT_CONVERSION = YES_AGGRESSIVE;
				CLANG_CXX_LANGUAGE_STANDARD = "gnu++20";
				CLANG_ENABLE_MODULES = YES;
				CLANG_ENABLE_OBJC_ARC = YES;
				CLANG_ENABLE_OBJC_WEAK = YES;
				CLANG_WARN_BLOCK_CAPTURE_AUTORELEASING = YES;
				CLANG_WARN_BOOL_CONVERSION = YES;
				CLANG_WARN_COMMA = YES;
				CLANG_WARN_CONSTANT_CONVERSION = YES;
				CLANG_WARN_DEPRECATED_OBJC_IMPLEMENTATIONS = YES;
				CLANG_WARN_DIRECT_OBJC_ISA_USAGE = YES_ERROR;
				CLANG_WARN_DOCUMENTATION_COMMENTS = YES;
				CLANG_WARN_EMPTY_BODY = YES;
				CLANG_WARN_ENUM_CONVERSION = YES;
				CLANG_WARN_INFINITE_RECURSION = YES;
				CLANG_WARN_INT_CONVERSION = YES;
				CLANG_WARN_NON_LITERAL_NULL_CONVERSION = YES;
				CLANG_WARN_OBJC_IMPLICIT_RETAIN_SELF = YES;
				CLANG_WARN_OBJC_LITERAL_CONVERSION = YES;
				CLANG_WARN_OBJC_ROOT_CLASS = YES_ERROR;
				CLANG_WARN_QUOTED_INCLUDE_IN_FRAMEWORK_HEADER = YES;
				CLANG_WARN_RANGE_LOOP_ANALYSIS = YES;
				CLANG_WARN_STRICT_PROTOTYPES = YES;
				CLANG_WARN_SUSPICIOUS_MOVE = YES;
				CLANG_WARN_UNGUARDED_AVAILABILITY = YES_AGGRESSIVE;
				CLANG_WARN_UNREACHABLE_CODE = YES;
				CLANG_WARN__DUPLICATE_METHOD_MATCH = YES;
				COPY_PHASE_STRIP = NO;
				DEBUG_INFORMATION_FORMAT = "dwarf-with-dsym";
				ENABLE_NS_ASSERTIONS = NO;
				ENABLE_STRICT_OBJC_MSGSEND = YES;
				GCC_C_LANGUAGE_STANDARD = gnu11;
				GCC_NO_COMMON_BLOCKS = YES;
				GCC_WARN_64_TO_32_BIT_CONVERSION = YES;
				GCC_WARN_ABOUT_RETURN_TYPE = YES_ERROR;
				GCC_WARN_UNDECLARED_SELECTOR = YES;
				GCC_WARN_UNINITIALIZED_AUTOS = YES_AGGRESSIVE;
				GCC_WARN_UNUSED_FUNCTION = YES;
				GCC_WARN_UNUSED_VARIABLE = YES;
				IPHONEOS_DEPLOYMENT_TARGET = 16.1;
				MTL_ENABLE_DEBUG_INFO = NO;
				MTL_FAST_MATH = YES;
				SDKROOT = iphoneos;
				SWIFT_COMPILATION_MODE = wholemodule;
				SWIFT_OPTIMIZATION_LEVEL = "-O";
				VALIDATE_PRODUCT = YES;
			};
			name = Release;
		};
		B59C6A472A35C9BD005D2C6E /* Debug */ = {
			isa = XCBuildConfiguration;
			buildSettings = {
				ASSETCATALOG_COMPILER_APPICON_NAME = AppIcon;
				ASSETCATALOG_COMPILER_GLOBAL_ACCENT_COLOR_NAME = AccentColor;
				CODE_SIGN_STYLE = Automatic;
				CURRENT_PROJECT_VERSION = 1;
				DEVELOPMENT_ASSET_PATHS = "\"SafeAreTabBar/Preview Content\"";
				DEVELOPMENT_TEAM = 3UL3CAASW4;
				ENABLE_PREVIEWS = YES;
				GENERATE_INFOPLIST_FILE = YES;
				INFOPLIST_KEY_UIApplicationSceneManifest_Generation = YES;
				INFOPLIST_KEY_UIApplicationSupportsIndirectInputEvents = YES;
				INFOPLIST_KEY_UILaunchScreen_Generation = YES;
				INFOPLIST_KEY_UISupportedInterfaceOrientations_iPad = "UIInterfaceOrientationPortrait UIInterfaceOrientationPortraitUpsideDown UIInterfaceOrientationLandscapeLeft UIInterfaceOrientationLandscapeRight";
				INFOPLIST_KEY_UISupportedInterfaceOrientations_iPhone = "UIInterfaceOrientationPortrait UIInterfaceOrientationLandscapeLeft UIInterfaceOrientationLandscapeRight";
				LD_RUNPATH_SEARCH_PATHS = (
					"$(inherited)",
					"@executable_path/Frameworks",
				);
				MARKETING_VERSION = 1.0;
				PRODUCT_BUNDLE_IDENTIFIER = com.moussadev.navigationswiftui.SafeAreTabBar;
				PRODUCT_NAME = "$(TARGET_NAME)";
				SWIFT_EMIT_LOC_STRINGS = YES;
				SWIFT_VERSION = 5.0;
				TARGETED_DEVICE_FAMILY = "1,2";
			};
			name = Debug;
		};
		B59C6A482A35C9BD005D2C6E /* Release */ = {
			isa = XCBuildConfiguration;
			buildSettings = {
				ASSETCATALOG_COMPILER_APPICON_NAME = AppIcon;
				ASSETCATALOG_COMPILER_GLOBAL_ACCENT_COLOR_NAME = AccentColor;
				CODE_SIGN_STYLE = Automatic;
				CURRENT_PROJECT_VERSION = 1;
				DEVELOPMENT_ASSET_PATHS = "\"SafeAreTabBar/Preview Content\"";
				DEVELOPMENT_TEAM = 3UL3CAASW4;
				ENABLE_PREVIEWS = YES;
				GENERATE_INFOPLIST_FILE = YES;
				INFOPLIST_KEY_UIApplicationSceneManifest_Generation = YES;
				INFOPLIST_KEY_UIApplicationSupportsIndirectInputEvents = YES;
				INFOPLIST_KEY_UILaunchScreen_Generation = YES;
				INFOPLIST_KEY_UISupportedInterfaceOrientations_iPad = "UIInterfaceOrientationPortrait UIInterfaceOrientationPortraitUpsideDown UIInterfaceOrientationLandscapeLeft UIInterfaceOrientationLandscapeRight";
				INFOPLIST_KEY_UISupportedInterfaceOrientations_iPhone = "UIInterfaceOrientationPortrait UIInterfaceOrientationLandscapeLeft UIInterfaceOrientationLandscapeRight";
				LD_RUNPATH_SEARCH_PATHS = (
					"$(inherited)",
					"@executable_path/Frameworks",
				);
				MARKETING_VERSION = 1.0;
				PRODUCT_BUNDLE_IDENTIFIER = com.moussadev.navigationswiftui.SafeAreTabBar;
				PRODUCT_NAME = "$(TARGET_NAME)";
				SWIFT_EMIT_LOC_STRINGS = YES;
				SWIFT_VERSION = 5.0;
				TARGETED_DEVICE_FAMILY = "1,2";
			};
			name = Release;
		};
		B59C6A4A2A35C9BD005D2C6E /* Debug */ = {
			isa = XCBuildConfiguration;
			buildSettings = {
				ALWAYS_EMBED_SWIFT_STANDARD_LIBRARIES = YES;
				BUNDLE_LOADER = "$(TEST_HOST)";
				CODE_SIGN_STYLE = Automatic;
				CURRENT_PROJECT_VERSION = 1;
				DEVELOPMENT_TEAM = 3UL3CAASW4;
				GENERATE_INFOPLIST_FILE = YES;
				IPHONEOS_DEPLOYMENT_TARGET = 16.1;
				MARKETING_VERSION = 1.0;
				PRODUCT_BUNDLE_IDENTIFIER = com.moussadev.navigationswiftui.SafeAreTabBarTests;
				PRODUCT_NAME = "$(TARGET_NAME)";
				SWIFT_EMIT_LOC_STRINGS = NO;
				SWIFT_VERSION = 5.0;
				TARGETED_DEVICE_FAMILY = "1,2";
				TEST_HOST = "$(BUILT_PRODUCTS_DIR)/SafeAreTabBar.app/$(BUNDLE_EXECUTABLE_FOLDER_PATH)/SafeAreTabBar";
			};
			name = Debug;
		};
		B59C6A4B2A35C9BD005D2C6E /* Release */ = {
			isa = XCBuildConfiguration;
			buildSettings = {
				ALWAYS_EMBED_SWIFT_STANDARD_LIBRARIES = YES;
				BUNDLE_LOADER = "$(TEST_HOST)";
				CODE_SIGN_STYLE = Automatic;
				CURRENT_PROJECT_VERSION = 1;
				DEVELOPMENT_TEAM = 3UL3CAASW4;
				GENERATE_INFOPLIST_FILE = YES;
				IPHONEOS_DEPLOYMENT_TARGET = 16.1;
				MARKETING_VERSION = 1.0;
				PRODUCT_BUNDLE_IDENTIFIER = com.moussadev.navigationswiftui.SafeAreTabBarTests;
				PRODUCT_NAME = "$(TARGET_NAME)";
				SWIFT_EMIT_LOC_STRINGS = NO;
				SWIFT_VERSION = 5.0;
				TARGETED_DEVICE_FAMILY = "1,2";
				TEST_HOST = "$(BUILT_PRODUCTS_DIR)/SafeAreTabBar.app/$(BUNDLE_EXECUTABLE_FOLDER_PATH)/SafeAreTabBar";
			};
			name = Release;
		};
		B59C6A4D2A35C9BD005D2C6E /* Debug */ = {
			isa = XCBuildConfiguration;
			buildSettings = {
				ALWAYS_EMBED_SWIFT_STANDARD_LIBRARIES = YES;
				CODE_SIGN_STYLE = Automatic;
				CURRENT_PROJECT_VERSION = 1;
				DEVELOPMENT_TEAM = 3UL3CAASW4;
				GENERATE_INFOPLIST_FILE = YES;
				MARKETING_VERSION = 1.0;
				PRODUCT_BUNDLE_IDENTIFIER = com.moussadev.navigationswiftui.SafeAreTabBarUITests;
				PRODUCT_NAME = "$(TARGET_NAME)";
				SWIFT_EMIT_LOC_STRINGS = NO;
				SWIFT_VERSION = 5.0;
				TARGETED_DEVICE_FAMILY = "1,2";
				TEST_TARGET_NAME = SafeAreTabBar;
			};
			name = Debug;
		};
		B59C6A4E2A35C9BD005D2C6E /* Release */ = {
			isa = XCBuildConfiguration;
			buildSettings = {
				ALWAYS_EMBED_SWIFT_STANDARD_LIBRARIES = YES;
				CODE_SIGN_STYLE = Automatic;
				CURRENT_PROJECT_VERSION = 1;
				DEVELOPMENT_TEAM = 3UL3CAASW4;
				GENERATE_INFOPLIST_FILE = YES;
				MARKETING_VERSION = 1.0;
				PRODUCT_BUNDLE_IDENTIFIER = com.moussadev.navigationswiftui.SafeAreTabBarUITests;
				PRODUCT_NAME = "$(TARGET_NAME)";
				SWIFT_EMIT_LOC_STRINGS = NO;
				SWIFT_VERSION = 5.0;
				TARGETED_DEVICE_FAMILY = "1,2";
				TEST_TARGET_NAME = SafeAreTabBar;
			};
			name = Release;
		};
/* End XCBuildConfiguration section */

/* Begin XCConfigurationList section */
		B59C6A1D2A35C9BC005D2C6E /* Build configuration list for PBXProject "SafeAreTabBar" */ = {
			isa = XCConfigurationList;
			buildConfigurations = (
				B59C6A442A35C9BD005D2C6E /* Debug */,
				B59C6A452A35C9BD005D2C6E /* Release */,
			);
			defaultConfigurationIsVisible = 0;
			defaultConfigurationName = Release;
		};
		B59C6A462A35C9BD005D2C6E /* Build configuration list for PBXNativeTarget "SafeAreTabBar" */ = {
			isa = XCConfigurationList;
			buildConfigurations = (
				B59C6A472A35C9BD005D2C6E /* Debug */,
				B59C6A482A35C9BD005D2C6E /* Release */,
			);
			defaultConfigurationIsVisible = 0;
			defaultConfigurationName = Release;
		};
		B59C6A492A35C9BD005D2C6E /* Build configuration list for PBXNativeTarget "SafeAreTabBarTests" */ = {
			isa = XCConfigurationList;
			buildConfigurations = (
				B59C6A4A2A35C9BD005D2C6E /* Debug */,
				B59C6A4B2A35C9BD005D2C6E /* Release */,
			);
			defaultConfigurationIsVisible = 0;
			defaultConfigurationName = Release;
		};
		B59C6A4C2A35C9BD005D2C6E /* Build configuration list for PBXNativeTarget "SafeAreTabBarUITests" */ = {
			isa = XCConfigurationList;
			buildConfigurations = (
				B59C6A4D2A35C9BD005D2C6E /* Debug */,
				B59C6A4E2A35C9BD005D2C6E /* Release */,
			);
			defaultConfigurationIsVisible = 0;
			defaultConfigurationName = Release;
		};
/* End XCConfigurationList section */
	};
	rootObject = B59C6A1A2A35C9BC005D2C6E /* Project object */;
}
